
Microsoft Visual Studio Solution File, Format Version 12.00
# Visual Studio Version 17
VisualStudioVersion = 17.0.31903.59
MinimumVisualStudioVersion = 10.0.40219.1
Project("{2150E333-8FDC-42A3-9474-1A3956D46DE8}") = "ApiGateways", "ApiGateways", "{DC7B71FA-C1F5-4849-801C-C69CA068D29E}"
EndProject
Project("{2150E333-8FDC-42A3-9474-1A3956D46DE8}") = "Monitor", "Monitor", "{649B7F58-503E-4E7C-B6AF-B24335E67FC9}"
EndProject
Project("{2150E333-8FDC-42A3-9474-1A3956D46DE8}") = "Services", "Services", "{2FA4FBDB-8DA8-486C-BFF1-078014CA9A0B}"
EndProject
Project("{2150E333-8FDC-42A3-9474-1A3956D46DE8}") = "Shared", "Shared", "{38A8F087-F3CE-4009-B99A-537CEC1B900E}"
EndProject
Project("{2150E333-8FDC-42A3-9474-1A3956D46DE8}") = "Solution Items", "Solution Items", "{0EC51156-F143-43D0-AFB7-C1B07ADC69C8}"
EndProject
Project("{2150E333-8FDC-42A3-9474-1A3956D46DE8}") = "Ordering", "Ordering", "{70B2E464-2AC9-457E-95B5-BC8764899D89}"
EndProject
Project("{9A19103F-16F7-4668-BE54-9A1E7A4F7556}") = "Tesla.Ordering.Api", "Tesla.Ordering.Api\Tesla.Ordering.Api.csproj", "{D00BED68-387D-4727-B41B-938104ED12A2}"
EndProject
Project("{9A19103F-16F7-4668-BE54-9A1E7A4F7556}") = "Tesla.Ordering.BackgroundTasks", "Tesla.Ordering.BackgroundTasks\Tesla.Ordering.BackgroundTasks.csproj", "{1FC9ECB6-7050-4002-9E72-0272F6242730}"
EndProject
Project("{9A19103F-16F7-4668-BE54-9A1E7A4F7556}") = "Tesla.Ordering.Domain", "Tesla.Ordering.Domain\Tesla.Ordering.Domain.csproj", "{CB319560-500A-4458-9248-D58FA16A4A0E}"
EndProject
Project("{9A19103F-16F7-4668-BE54-9A1E7A4F7556}") = "Tesla.Ordering.Infrastructure", "Tesla.Ordering.Infrastructure\Tesla.Ordering.Infrastructure.csproj", "{42958026-31BD-4B71-935A-643100A60066}"
EndProject
Project("{9A19103F-16F7-4668-BE54-9A1E7A4F7556}") = "Tesla.Gateway", "Tesla.Order.Gateway\Tesla.Gateway.csproj", "{E4C7BAFE-18A0-432D-ABC0-A4EF870589A8}"
EndProject
Project("{9A19103F-16F7-4668-BE54-9A1E7A4F7556}") = "Tesla.Mobile.ApiAggregator", "Tesla.Order.Mobile.ApiAggregator\Tesla.Mobile.ApiAggregator.csproj", "{3D52454B-5DB7-42BF-A8CF-148E46A5FECF}"
EndProject
Project("{9A19103F-16F7-4668-BE54-9A1E7A4F7556}") = "Tesla.Mobile.Gateway", "Tesla.Order.Mobile.Gateway\Tesla.Mobile.Gateway.csproj", "{EB40F5C5-D547-4940-A0CB-B29585B47133}"
EndProject
Project("{FAE04EC0-301F-11D3-BF4B-00C04F79EFBC}") = "Tesla.Yarp.Gateway", "Tesla.Yarp.Gateway\Tesla.Yarp.Gateway.csproj", "{B49FD80D-145C-4970-99BD-2F4014DE105E}"
EndProject
Project("{2150E333-8FDC-42A3-9474-1A3956D46DE8}") = "Pay", "Pay", "{4E95598F-3B28-4E07-B1B3-6D053BBCB55C}"
EndProject
Project("{FAE04EC0-301F-11D3-BF4B-00C04F79EFBC}") = "Tesla.Pay.Api", "Tesla.Pay.Api\Tesla.Pay.Api.csproj", "{1F42B6B4-2D65-4523-863A-A7ED7DDBE042}"
EndProject
Global
	GlobalSection(SolutionConfigurationPlatforms) = preSolution
		Debug|Any CPU = Debug|Any CPU
		Release|Any CPU = Release|Any CPU
	EndGlobalSection
	GlobalSection(ProjectConfigurationPlatforms) = postSolution
		{D00BED68-387D-4727-B41B-938104ED12A2}.Debug|Any CPU.ActiveCfg = Debug|Any CPU
		{D00BED68-387D-4727-B41B-938104ED12A2}.Debug|Any CPU.Build.0 = Debug|Any CPU
		{D00BED68-387D-4727-B41B-938104ED12A2}.Release|Any CPU.ActiveCfg = Release|Any CPU
		{D00BED68-387D-4727-B41B-938104ED12A2}.Release|Any CPU.Build.0 = Release|Any CPU
		{1FC9ECB6-7050-4002-9E72-0272F6242730}.Debug|Any CPU.ActiveCfg = Debug|Any CPU
		{1FC9ECB6-7050-4002-9E72-0272F6242730}.Debug|Any CPU.Build.0 = Debug|Any CPU
		{1FC9ECB6-7050-4002-9E72-0272F6242730}.Release|Any CPU.ActiveCfg = Release|Any CPU
		{1FC9ECB6-7050-4002-9E72-0272F6242730}.Release|Any CPU.Build.0 = Release|Any CPU
		{CB319560-500A-4458-9248-D58FA16A4A0E}.Debug|Any CPU.ActiveCfg = Debug|Any CPU
		{CB319560-500A-4458-9248-D58FA16A4A0E}.Debug|Any CPU.Build.0 = Debug|Any CPU
		{CB319560-500A-4458-9248-D58FA16A4A0E}.Release|Any CPU.ActiveCfg = Release|Any CPU
		{CB319560-500A-4458-9248-D58FA16A4A0E}.Release|Any CPU.Build.0 = Release|Any CPU
		{42958026-31BD-4B71-935A-643100A60066}.Debug|Any CPU.ActiveCfg = Debug|Any CPU
		{42958026-31BD-4B71-935A-643100A60066}.Debug|Any CPU.Build.0 = Debug|Any CPU
		{42958026-31BD-4B71-935A-643100A60066}.Release|Any CPU.ActiveCfg = Release|Any CPU
		{42958026-31BD-4B71-935A-643100A60066}.Release|Any CPU.Build.0 = Release|Any CPU
		{E4C7BAFE-18A0-432D-ABC0-A4EF870589A8}.Debug|Any CPU.ActiveCfg = Debug|Any CPU
		{E4C7BAFE-18A0-432D-ABC0-A4EF870589A8}.Debug|Any CPU.Build.0 = Debug|Any CPU
		{E4C7BAFE-18A0-432D-ABC0-A4EF870589A8}.Release|Any CPU.ActiveCfg = Release|Any CPU
		{E4C7BAFE-18A0-432D-ABC0-A4EF870589A8}.Release|Any CPU.Build.0 = Release|Any CPU
		{3D52454B-5DB7-42BF-A8CF-148E46A5FECF}.Debug|Any CPU.ActiveCfg = Debug|Any CPU
		{3D52454B-5DB7-42BF-A8CF-148E46A5FECF}.Debug|Any CPU.Build.0 = Debug|Any CPU
		{3D52454B-5DB7-42BF-A8CF-148E46A5FECF}.Release|Any CPU.ActiveCfg = Release|Any CPU
		{3D52454B-5DB7-42BF-A8CF-148E46A5FECF}.Release|Any CPU.Build.0 = Release|Any CPU
		{EB40F5C5-D547-4940-A0CB-B29585B47133}.Debug|Any CPU.ActiveCfg = Debug|Any CPU
		{EB40F5C5-D547-4940-A0CB-B29585B47133}.Debug|Any CPU.Build.0 = Debug|Any CPU
		{EB40F5C5-D547-4940-A0CB-B29585B47133}.Release|Any CPU.ActiveCfg = Release|Any CPU
		{EB40F5C5-D547-4940-A0CB-B29585B47133}.Release|Any CPU.Build.0 = Release|Any CPU
		{B49FD80D-145C-4970-99BD-2F4014DE105E}.Debug|Any CPU.ActiveCfg = Debug|Any CPU
		{B49FD80D-145C-4970-99BD-2F4014DE105E}.Debug|Any CPU.Build.0 = Debug|Any CPU
		{B49FD80D-145C-4970-99BD-2F4014DE105E}.Release|Any CPU.ActiveCfg = Release|Any CPU
		{B49FD80D-145C-4970-99BD-2F4014DE105E}.Release|Any CPU.Build.0 = Release|Any CPU
		{1F42B6B4-2D65-4523-863A-A7ED7DDBE042}.Debug|Any CPU.ActiveCfg = Debug|Any CPU
		{1F42B6B4-2D65-4523-863A-A7ED7DDBE042}.Debug|Any CPU.Build.0 = Debug|Any CPU
		{1F42B6B4-2D65-4523-863A-A7ED7DDBE042}.Release|Any CPU.ActiveCfg = Release|Any CPU
		{1F42B6B4-2D65-4523-863A-A7ED7DDBE042}.Release|Any CPU.Build.0 = Release|Any CPU
	EndGlobalSection
	GlobalSection(SolutionProperties) = preSolution
		HideSolutionNode = FALSE
	EndGlobalSection
	GlobalSection(NestedProjects) = preSolution
		{70B2E464-2AC9-457E-95B5-BC8764899D89} = {2FA4FBDB-8DA8-486C-BFF1-078014CA9A0B}
		{D00BED68-387D-4727-B41B-938104ED12A2} = {70B2E464-2AC9-457E-95B5-BC8764899D89}
		{1FC9ECB6-7050-4002-9E72-0272F6242730} = {70B2E464-2AC9-457E-95B5-BC8764899D89}
		{CB319560-500A-4458-9248-D58FA16A4A0E} = {70B2E464-2AC9-457E-95B5-BC8764899D89}
		{42958026-31BD-4B71-935A-643100A60066} = {70B2E464-2AC9-457E-95B5-BC8764899D89}
		{E4C7BAFE-18A0-432D-ABC0-A4EF870589A8} = {DC7B71FA-C1F5-4849-801C-C69CA068D29E}
		{3D52454B-5DB7-42BF-A8CF-148E46A5FECF} = {DC7B71FA-C1F5-4849-801C-C69CA068D29E}
		{EB40F5C5-D547-4940-A0CB-B29585B47133} = {DC7B71FA-C1F5-4849-801C-C69CA068D29E}
		{B49FD80D-145C-4970-99BD-2F4014DE105E} = {DC7B71FA-C1F5-4849-801C-C69CA068D29E}
		{4E95598F-3B28-4E07-B1B3-6D053BBCB55C} = {2FA4FBDB-8DA8-486C-BFF1-078014CA9A0B}
		{1F42B6B4-2D65-4523-863A-A7ED7DDBE042} = {4E95598F-3B28-4E07-B1B3-6D053BBCB55C}
	EndGlobalSection
	GlobalSection(ExtensibilityGlobals) = postSolution
		SolutionGuid = {294D6A24-D1EA-474B-A1A6-11212ADF4781}
	EndGlobalSection
EndGlobal
